
Microsoft Visual Studio Solution File, Format Version 12.00
# Visual Studio Version 17
VisualStudioVersion = 17.6.33829.357
MinimumVisualStudioVersion = 10.0.40219.1
Project("{9A19103F-16F7-4668-BE54-9A1E7A4F7556}") = "FoodDonationAPI", "FoodDonationAPI.csproj", "{BE380ED6-5387-442C-B274-6A3B31DC0D07}"
EndProject
Project("{E53339B2-1760-4266-BCC7-CA923CBCF16C}") = "docker-compose", "docker-compose.dcproj", "{6426CB01-7ADB-4B51-9817-21779A560A1C}"
EndProject
Global
	GlobalSection(SolutionConfigurationPlatforms) = preSolution
		Debug|Any CPU = Debug|Any CPU
		Release|Any CPU = Release|Any CPU
	EndGlobalSection
	GlobalSection(ProjectConfigurationPlatforms) = postSolution
		{BE380ED6-5387-442C-B274-6A3B31DC0D07}.Debug|Any CPU.ActiveCfg = Debug|Any CPU
		{BE380ED6-5387-442C-B274-6A3B31DC0D07}.Debug|Any CPU.Build.0 = Debug|Any CPU
		{BE380ED6-5387-442C-B274-6A3B31DC0D07}.Release|Any CPU.ActiveCfg = Release|Any CPU
		{BE380ED6-5387-442C-B274-6A3B31DC0D07}.Release|Any CPU.Build.0 = Release|Any CPU
		{6426CB01-7ADB-4B51-9817-21779A560A1C}.Debug|Any CPU.ActiveCfg = Debug|Any CPU
		{6426CB01-7ADB-4B51-9817-21779A560A1C}.Debug|Any CPU.Build.0 = Debug|Any CPU
		{6426CB01-7ADB-4B51-9817-21779A560A1C}.Release|Any CPU.ActiveCfg = Release|Any CPU
		{6426CB01-7ADB-4B51-9817-21779A560A1C}.Release|Any CPU.Build.0 = Release|Any CPU
	EndGlobalSection
	GlobalSection(SolutionProperties) = preSolution
		HideSolutionNode = FALSE
	EndGlobalSection
	GlobalSection(ExtensibilityGlobals) = postSolution
		SolutionGuid = {35283CFC-9E83-4851-B38C-1EB965087E60}
	EndGlobalSection
EndGlobal
